// !$*UTF8*$!
{
	archiveVersion = 1;
	classes = {
	};
	objectVersion = 50;
	objects = {

/* Begin PBXBuildFile section */
		5E5DCC7C2132D51E00F97E90 /* KELayoutKit.h in Headers */ = {isa = PBXBuildFile; fileRef = 5E5DCC7A2132D51E00F97E90 /* KELayoutKit.h */; settings = {ATTRIBUTES = (Public, ); }; };
		5E5DCC9D2132D5CE00F97E90 /* KELayoutKit.h in Headers */ = {isa = PBXBuildFile; fileRef = 5E5DCC7A2132D51E00F97E90 /* KELayoutKit.h */; settings = {ATTRIBUTES = (Public, ); }; };
		5E5DCC9E2132D5CF00F97E90 /* KELayoutKit.h in Headers */ = {isa = PBXBuildFile; fileRef = 5E5DCC7A2132D51E00F97E90 /* KELayoutKit.h */; settings = {ATTRIBUTES = (Public, ); }; };
		5E5DCCAC2132DCC900F97E90 /* AdaptiveInterface.swift in Sources */ = {isa = PBXBuildFile; fileRef = 5E5DCCAB2132DCC900F97E90 /* AdaptiveInterface.swift */; };
		5E5DCCAD2132DCC900F97E90 /* AdaptiveInterface.swift in Sources */ = {isa = PBXBuildFile; fileRef = 5E5DCCAB2132DCC900F97E90 /* AdaptiveInterface.swift */; };
		5E5DCCAE2132DCC900F97E90 /* AdaptiveInterface.swift in Sources */ = {isa = PBXBuildFile; fileRef = 5E5DCCAB2132DCC900F97E90 /* AdaptiveInterface.swift */; };
		5E5DCCB32132DEC900F97E90 /* TraitCondition.swift in Sources */ = {isa = PBXBuildFile; fileRef = 5E5DCCB22132DEC900F97E90 /* TraitCondition.swift */; };
		5E5DCCB42132DEC900F97E90 /* TraitCondition.swift in Sources */ = {isa = PBXBuildFile; fileRef = 5E5DCCB22132DEC900F97E90 /* TraitCondition.swift */; };
		5E5DCCB72132DED200F97E90 /* SizeCondition.swift in Sources */ = {isa = PBXBuildFile; fileRef = 5E5DCCB62132DED200F97E90 /* SizeCondition.swift */; };
		5E5DCCB82132DED200F97E90 /* SizeCondition.swift in Sources */ = {isa = PBXBuildFile; fileRef = 5E5DCCB62132DED200F97E90 /* SizeCondition.swift */; };
		5E5DCCB92132DED200F97E90 /* SizeCondition.swift in Sources */ = {isa = PBXBuildFile; fileRef = 5E5DCCB62132DED200F97E90 /* SizeCondition.swift */; };
		5E5DCCBB2132EF7900F97E90 /* SizeAttribute.swift in Sources */ = {isa = PBXBuildFile; fileRef = 5E5DCCBA2132EF7900F97E90 /* SizeAttribute.swift */; };
		5E5DCCBC2132EF7900F97E90 /* SizeAttribute.swift in Sources */ = {isa = PBXBuildFile; fileRef = 5E5DCCBA2132EF7900F97E90 /* SizeAttribute.swift */; };
		5E5DCCBD2132EF7900F97E90 /* SizeAttribute.swift in Sources */ = {isa = PBXBuildFile; fileRef = 5E5DCCBA2132EF7900F97E90 /* SizeAttribute.swift */; };
		5E5DCCBF2132F42D00F97E90 /* TraitAttribute.swift in Sources */ = {isa = PBXBuildFile; fileRef = 5E5DCCBE2132F42D00F97E90 /* TraitAttribute.swift */; };
		5E5DCCC02132F42D00F97E90 /* TraitAttribute.swift in Sources */ = {isa = PBXBuildFile; fileRef = 5E5DCCBE2132F42D00F97E90 /* TraitAttribute.swift */; };
		5E5DCCC32132F50E00F97E90 /* SizeClass.swift in Sources */ = {isa = PBXBuildFile; fileRef = 5E5DCCC22132F50E00F97E90 /* SizeClass.swift */; };
		5E5DCCC42132F50E00F97E90 /* SizeClass.swift in Sources */ = {isa = PBXBuildFile; fileRef = 5E5DCCC22132F50E00F97E90 /* SizeClass.swift */; };
		5E5DCCC62132F60600F97E90 /* Idiom.swift in Sources */ = {isa = PBXBuildFile; fileRef = 5E5DCCC52132F60600F97E90 /* Idiom.swift */; };
		5E5DCCC72132F60600F97E90 /* Idiom.swift in Sources */ = {isa = PBXBuildFile; fileRef = 5E5DCCC52132F60600F97E90 /* Idiom.swift */; };
		5E5DCCCB2132F9DD00F97E90 /* DisplayGamut.swift in Sources */ = {isa = PBXBuildFile; fileRef = 5E5DCCCA2132F9DD00F97E90 /* DisplayGamut.swift */; };
		5E5DCCCC2132F9DD00F97E90 /* DisplayGamut.swift in Sources */ = {isa = PBXBuildFile; fileRef = 5E5DCCCA2132F9DD00F97E90 /* DisplayGamut.swift */; };
		5E5DCCCE2132FA5500F97E90 /* ForceTouch.swift in Sources */ = {isa = PBXBuildFile; fileRef = 5E5DCCCD2132FA5500F97E90 /* ForceTouch.swift */; };
		5E5DCCCF2132FA5500F97E90 /* ForceTouch.swift in Sources */ = {isa = PBXBuildFile; fileRef = 5E5DCCCD2132FA5500F97E90 /* ForceTouch.swift */; };
		5E5DCCD12132FAA000F97E90 /* LayoutDirection.swift in Sources */ = {isa = PBXBuildFile; fileRef = 5E5DCCD02132FAA000F97E90 /* LayoutDirection.swift */; };
		5E5DCCD22132FAA000F97E90 /* LayoutDirection.swift in Sources */ = {isa = PBXBuildFile; fileRef = 5E5DCCD02132FAA000F97E90 /* LayoutDirection.swift */; };
		5E5DCCD42132FAE800F97E90 /* Scale.swift in Sources */ = {isa = PBXBuildFile; fileRef = 5E5DCCD32132FAE800F97E90 /* Scale.swift */; };
		5E5DCCD52132FAE800F97E90 /* Scale.swift in Sources */ = {isa = PBXBuildFile; fileRef = 5E5DCCD32132FAE800F97E90 /* Scale.swift */; };
		5E5DCCD72132FB6D00F97E90 /* SizeCategory.swift in Sources */ = {isa = PBXBuildFile; fileRef = 5E5DCCD62132FB6D00F97E90 /* SizeCategory.swift */; };
		5E5DCCD82132FB6D00F97E90 /* SizeCategory.swift in Sources */ = {isa = PBXBuildFile; fileRef = 5E5DCCD62132FB6D00F97E90 /* SizeCategory.swift */; };
		5E5DCCDD21330CD700F97E90 /* TraitAdaptiveConstraintContainer.swift in Sources */ = {isa = PBXBuildFile; fileRef = 5E5DCCDC21330CD700F97E90 /* TraitAdaptiveConstraintContainer.swift */; };
		5E5DCCDE21330CD700F97E90 /* TraitAdaptiveConstraintContainer.swift in Sources */ = {isa = PBXBuildFile; fileRef = 5E5DCCDC21330CD700F97E90 /* TraitAdaptiveConstraintContainer.swift */; };
		5E5DCCEB213314A900F97E90 /* SizeAdaptiveConstraintContainer.swift in Sources */ = {isa = PBXBuildFile; fileRef = 5E5DCCEA213314A900F97E90 /* SizeAdaptiveConstraintContainer.swift */; };
		5E5DCCEC213314A900F97E90 /* SizeAdaptiveConstraintContainer.swift in Sources */ = {isa = PBXBuildFile; fileRef = 5E5DCCEA213314A900F97E90 /* SizeAdaptiveConstraintContainer.swift */; };
		5E5DCCED213314A900F97E90 /* SizeAdaptiveConstraintContainer.swift in Sources */ = {isa = PBXBuildFile; fileRef = 5E5DCCEA213314A900F97E90 /* SizeAdaptiveConstraintContainer.swift */; };
		5E5DCCEF21331A6400F97E90 /* TraitAdaptiveElement.swift in Sources */ = {isa = PBXBuildFile; fileRef = 5E5DCCEE21331A6400F97E90 /* TraitAdaptiveElement.swift */; };
		5E5DCCF021331A6400F97E90 /* TraitAdaptiveElement.swift in Sources */ = {isa = PBXBuildFile; fileRef = 5E5DCCEE21331A6400F97E90 /* TraitAdaptiveElement.swift */; };
		5E5DCCF321331D6300F97E90 /* SizeAdaptiveElement.swift in Sources */ = {isa = PBXBuildFile; fileRef = 5E5DCCF221331D6300F97E90 /* SizeAdaptiveElement.swift */; };
		5E5DCCF421331D6300F97E90 /* SizeAdaptiveElement.swift in Sources */ = {isa = PBXBuildFile; fileRef = 5E5DCCF221331D6300F97E90 /* SizeAdaptiveElement.swift */; };
		5E5DCCF521331D6300F97E90 /* SizeAdaptiveElement.swift in Sources */ = {isa = PBXBuildFile; fileRef = 5E5DCCF221331D6300F97E90 /* SizeAdaptiveElement.swift */; };
/* End PBXBuildFile section */

/* Begin PBXFileReference section */
		5E5DCC772132D51E00F97E90 /* KELayoutKit.framework */ = {isa = PBXFileReference; explicitFileType = wrapper.framework; includeInIndex = 0; path = KELayoutKit.framework; sourceTree = BUILT_PRODUCTS_DIR; };
		5E5DCC7A2132D51E00F97E90 /* KELayoutKit.h */ = {isa = PBXFileReference; lastKnownFileType = sourcecode.c.h; path = KELayoutKit.h; sourceTree = "<group>"; };
		5E5DCC7B2132D51E00F97E90 /* Info-iOS.plist */ = {isa = PBXFileReference; lastKnownFileType = text.plist.xml; path = "Info-iOS.plist"; sourceTree = "<group>"; };
		5E5DCC882132D57900F97E90 /* KEFoundation.framework */ = {isa = PBXFileReference; explicitFileType = wrapper.framework; includeInIndex = 0; path = KEFoundation.framework; sourceTree = BUILT_PRODUCTS_DIR; };
		5E5DCC8B2132D57900F97E90 /* Info-tvOS.plist */ = {isa = PBXFileReference; lastKnownFileType = text.plist.xml; path = "Info-tvOS.plist"; sourceTree = "<group>"; };
		5E5DCC952132D58800F97E90 /* KEFoundation.framework */ = {isa = PBXFileReference; explicitFileType = wrapper.framework; includeInIndex = 0; path = KEFoundation.framework; sourceTree = BUILT_PRODUCTS_DIR; };
		5E5DCC982132D58800F97E90 /* Info-macOS.plist */ = {isa = PBXFileReference; lastKnownFileType = text.plist.xml; path = "Info-macOS.plist"; sourceTree = "<group>"; };
		5E5DCCAB2132DCC900F97E90 /* AdaptiveInterface.swift */ = {isa = PBXFileReference; lastKnownFileType = sourcecode.swift; path = AdaptiveInterface.swift; sourceTree = "<group>"; };
		5E5DCCB22132DEC900F97E90 /* TraitCondition.swift */ = {isa = PBXFileReference; lastKnownFileType = sourcecode.swift; path = TraitCondition.swift; sourceTree = "<group>"; };
		5E5DCCB62132DED200F97E90 /* SizeCondition.swift */ = {isa = PBXFileReference; lastKnownFileType = sourcecode.swift; path = SizeCondition.swift; sourceTree = "<group>"; };
		5E5DCCBA2132EF7900F97E90 /* SizeAttribute.swift */ = {isa = PBXFileReference; fileEncoding = 4; lastKnownFileType = sourcecode.swift; path = SizeAttribute.swift; sourceTree = "<group>"; };
		5E5DCCBE2132F42D00F97E90 /* TraitAttribute.swift */ = {isa = PBXFileReference; lastKnownFileType = sourcecode.swift; path = TraitAttribute.swift; sourceTree = "<group>"; };
		5E5DCCC22132F50E00F97E90 /* SizeClass.swift */ = {isa = PBXFileReference; lastKnownFileType = sourcecode.swift; path = SizeClass.swift; sourceTree = "<group>"; };
		5E5DCCC52132F60600F97E90 /* Idiom.swift */ = {isa = PBXFileReference; lastKnownFileType = sourcecode.swift; path = Idiom.swift; sourceTree = "<group>"; };
		5E5DCCCA2132F9DD00F97E90 /* DisplayGamut.swift */ = {isa = PBXFileReference; lastKnownFileType = sourcecode.swift; path = DisplayGamut.swift; sourceTree = "<group>"; };
		5E5DCCCD2132FA5500F97E90 /* ForceTouch.swift */ = {isa = PBXFileReference; lastKnownFileType = sourcecode.swift; path = ForceTouch.swift; sourceTree = "<group>"; };
		5E5DCCD02132FAA000F97E90 /* LayoutDirection.swift */ = {isa = PBXFileReference; lastKnownFileType = sourcecode.swift; path = LayoutDirection.swift; sourceTree = "<group>"; };
		5E5DCCD32132FAE800F97E90 /* Scale.swift */ = {isa = PBXFileReference; lastKnownFileType = sourcecode.swift; path = Scale.swift; sourceTree = "<group>"; };
		5E5DCCD62132FB6D00F97E90 /* SizeCategory.swift */ = {isa = PBXFileReference; lastKnownFileType = sourcecode.swift; path = SizeCategory.swift; sourceTree = "<group>"; };
		5E5DCCDC21330CD700F97E90 /* TraitAdaptiveConstraintContainer.swift */ = {isa = PBXFileReference; lastKnownFileType = sourcecode.swift; path = TraitAdaptiveConstraintContainer.swift; sourceTree = "<group>"; };
		5E5DCCEA213314A900F97E90 /* SizeAdaptiveConstraintContainer.swift */ = {isa = PBXFileReference; lastKnownFileType = sourcecode.swift; path = SizeAdaptiveConstraintContainer.swift; sourceTree = "<group>"; };
		5E5DCCEE21331A6400F97E90 /* TraitAdaptiveElement.swift */ = {isa = PBXFileReference; lastKnownFileType = sourcecode.swift; path = TraitAdaptiveElement.swift; sourceTree = "<group>"; };
		5E5DCCF221331D6300F97E90 /* SizeAdaptiveElement.swift */ = {isa = PBXFileReference; lastKnownFileType = sourcecode.swift; path = SizeAdaptiveElement.swift; sourceTree = "<group>"; };
/* End PBXFileReference section */

/* Begin PBXFrameworksBuildPhase section */
		5E5DCC732132D51E00F97E90 /* Frameworks */ = {
			isa = PBXFrameworksBuildPhase;
			buildActionMask = 2147483647;
			files = (
			);
			runOnlyForDeploymentPostprocessing = 0;
		};
		5E5DCC842132D57900F97E90 /* Frameworks */ = {
			isa = PBXFrameworksBuildPhase;
			buildActionMask = 2147483647;
			files = (
			);
			runOnlyForDeploymentPostprocessing = 0;
		};
		5E5DCC912132D58800F97E90 /* Frameworks */ = {
			isa = PBXFrameworksBuildPhase;
			buildActionMask = 2147483647;
			files = (
			);
			runOnlyForDeploymentPostprocessing = 0;
		};
/* End PBXFrameworksBuildPhase section */

/* Begin PBXGroup section */
		5E5DCC6D2132D51E00F97E90 = {
			isa = PBXGroup;
			children = (
				5E5DCC822132D52B00F97E90 /* Sources */,
				5E5DCC792132D51E00F97E90 /* Resources */,
				5E5DCC782132D51E00F97E90 /* Products */,
			);
			sourceTree = "<group>";
		};
		5E5DCC782132D51E00F97E90 /* Products */ = {
			isa = PBXGroup;
			children = (
				5E5DCC772132D51E00F97E90 /* KELayoutKit.framework */,
				5E5DCC882132D57900F97E90 /* KEFoundation.framework */,
				5E5DCC952132D58800F97E90 /* KEFoundation.framework */,
			);
			name = Products;
			sourceTree = "<group>";
		};
		5E5DCC792132D51E00F97E90 /* Resources */ = {
			isa = PBXGroup;
			children = (
				5E5DCC7A2132D51E00F97E90 /* KELayoutKit.h */,
				5E5DCC7B2132D51E00F97E90 /* Info-iOS.plist */,
				5E5DCC8B2132D57900F97E90 /* Info-tvOS.plist */,
				5E5DCC982132D58800F97E90 /* Info-macOS.plist */,
			);
			path = Resources;
			sourceTree = "<group>";
		};
		5E5DCC822132D52B00F97E90 /* Sources */ = {
			isa = PBXGroup;
			children = (
				5E5DCCAB2132DCC900F97E90 /* AdaptiveInterface.swift */,
				5E5DCCAF2132DD1600F97E90 /* Adaptive Elements */,
				5E5DCCB02132DD1C00F97E90 /* Attributes */,
				5E5DCCB12132DD2400F97E90 /* Condition */,
			);
			path = Sources;
			sourceTree = "<group>";
		};
		5E5DCCAF2132DD1600F97E90 /* Adaptive Elements */ = {
			isa = PBXGroup;
			children = (
				5E5DCCEE21331A6400F97E90 /* TraitAdaptiveElement.swift */,
				5E5DCCF221331D6300F97E90 /* SizeAdaptiveElement.swift */,
				5E5DCCDC21330CD700F97E90 /* TraitAdaptiveConstraintContainer.swift */,
				5E5DCCEA213314A900F97E90 /* SizeAdaptiveConstraintContainer.swift */,
			);
			path = "Adaptive Elements";
			sourceTree = "<group>";
		};
		5E5DCCB02132DD1C00F97E90 /* Attributes */ = {
			isa = PBXGroup;
			children = (
				5E5DCCC82132F9AA00F97E90 /* Trait Atrributes */,
				5E5DCCC92132F9B500F97E90 /* Size Attributes */,
			);
			path = Attributes;
			sourceTree = "<group>";
		};
		5E5DCCB12132DD2400F97E90 /* Condition */ = {
			isa = PBXGroup;
			children = (
				5E5DCCB22132DEC900F97E90 /* TraitCondition.swift */,
				5E5DCCB62132DED200F97E90 /* SizeCondition.swift */,
			);
			path = Condition;
			sourceTree = "<group>";
		};
		5E5DCCC82132F9AA00F97E90 /* Trait Atrributes */ = {
			isa = PBXGroup;
			children = (
				5E5DCCBE2132F42D00F97E90 /* TraitAttribute.swift */,
				5E5DCCC22132F50E00F97E90 /* SizeClass.swift */,
				5E5DCCC52132F60600F97E90 /* Idiom.swift */,
				5E5DCCCA2132F9DD00F97E90 /* DisplayGamut.swift */,
				5E5DCCCD2132FA5500F97E90 /* ForceTouch.swift */,
				5E5DCCD02132FAA000F97E90 /* LayoutDirection.swift */,
				5E5DCCD32132FAE800F97E90 /* Scale.swift */,
				5E5DCCD62132FB6D00F97E90 /* SizeCategory.swift */,
			);
			path = "Trait Atrributes";
			sourceTree = "<group>";
		};
		5E5DCCC92132F9B500F97E90 /* Size Attributes */ = {
			isa = PBXGroup;
			children = (
				5E5DCCBA2132EF7900F97E90 /* SizeAttribute.swift */,
			);
			path = "Size Attributes";
			sourceTree = "<group>";
		};
/* End PBXGroup section */

/* Begin PBXHeadersBuildPhase section */
		5E5DCC742132D51E00F97E90 /* Headers */ = {
			isa = PBXHeadersBuildPhase;
			buildActionMask = 2147483647;
			files = (
				5E5DCC7C2132D51E00F97E90 /* KELayoutKit.h in Headers */,
			);
			runOnlyForDeploymentPostprocessing = 0;
		};
		5E5DCC852132D57900F97E90 /* Headers */ = {
			isa = PBXHeadersBuildPhase;
			buildActionMask = 2147483647;
			files = (
				5E5DCC9D2132D5CE00F97E90 /* KELayoutKit.h in Headers */,
			);
			runOnlyForDeploymentPostprocessing = 0;
		};
		5E5DCC922132D58800F97E90 /* Headers */ = {
			isa = PBXHeadersBuildPhase;
			buildActionMask = 2147483647;
			files = (
				5E5DCC9E2132D5CF00F97E90 /* KELayoutKit.h in Headers */,
			);
			runOnlyForDeploymentPostprocessing = 0;
		};
/* End PBXHeadersBuildPhase section */

/* Begin PBXNativeTarget section */
		5E5DCC762132D51E00F97E90 /* KELayoutKit iOS */ = {
			isa = PBXNativeTarget;
			buildConfigurationList = 5E5DCC7F2132D51E00F97E90 /* Build configuration list for PBXNativeTarget "KELayoutKit iOS" */;
			buildPhases = (
				5E5DCC722132D51E00F97E90 /* Sources */,
				5E5DCC732132D51E00F97E90 /* Frameworks */,
				5E5DCC742132D51E00F97E90 /* Headers */,
				5E5DCC752132D51E00F97E90 /* Resources */,
			);
			buildRules = (
			);
			dependencies = (
			);
			name = "KELayoutKit iOS";
			productName = KELayoutKit;
			productReference = 5E5DCC772132D51E00F97E90 /* KELayoutKit.framework */;
			productType = "com.apple.product-type.framework";
		};
		5E5DCC872132D57900F97E90 /* KELayoutKit tvOS */ = {
			isa = PBXNativeTarget;
			buildConfigurationList = 5E5DCC8D2132D57900F97E90 /* Build configuration list for PBXNativeTarget "KELayoutKit tvOS" */;
			buildPhases = (
				5E5DCC832132D57900F97E90 /* Sources */,
				5E5DCC842132D57900F97E90 /* Frameworks */,
				5E5DCC852132D57900F97E90 /* Headers */,
				5E5DCC862132D57900F97E90 /* Resources */,
			);
			buildRules = (
			);
			dependencies = (
			);
			name = "KELayoutKit tvOS";
			productName = "KELayoutKit tvOS";
			productReference = 5E5DCC882132D57900F97E90 /* KEFoundation.framework */;
			productType = "com.apple.product-type.framework";
		};
		5E5DCC942132D58800F97E90 /* KELayoutKit macOS */ = {
			isa = PBXNativeTarget;
			buildConfigurationList = 5E5DCC9A2132D58800F97E90 /* Build configuration list for PBXNativeTarget "KELayoutKit macOS" */;
			buildPhases = (
				5E5DCC902132D58800F97E90 /* Sources */,
				5E5DCC912132D58800F97E90 /* Frameworks */,
				5E5DCC922132D58800F97E90 /* Headers */,
				5E5DCC932132D58800F97E90 /* Resources */,
			);
			buildRules = (
			);
			dependencies = (
			);
			name = "KELayoutKit macOS";
			productName = "KELayoutKit macOS";
			productReference = 5E5DCC952132D58800F97E90 /* KEFoundation.framework */;
			productType = "com.apple.product-type.framework";
		};
/* End PBXNativeTarget section */

/* Begin PBXProject section */
		5E5DCC6E2132D51E00F97E90 /* Project object */ = {
			isa = PBXProject;
			attributes = {
				LastUpgradeCheck = 0940;
				ORGANIZATIONNAME = "Kai Engelhardt";
				TargetAttributes = {
					5E5DCC762132D51E00F97E90 = {
						CreatedOnToolsVersion = 9.4.1;
						LastSwiftMigration = 0940;
					};
					5E5DCC872132D57900F97E90 = {
						CreatedOnToolsVersion = 9.4.1;
						LastSwiftMigration = 0940;
					};
					5E5DCC942132D58800F97E90 = {
						CreatedOnToolsVersion = 9.4.1;
						LastSwiftMigration = 0940;
					};
				};
			};
			buildConfigurationList = 5E5DCC712132D51E00F97E90 /* Build configuration list for PBXProject "KELayoutKit" */;
			compatibilityVersion = "Xcode 9.3";
			developmentRegion = en;
			hasScannedForEncodings = 0;
			knownRegions = (
				en,
			);
			mainGroup = 5E5DCC6D2132D51E00F97E90;
			productRefGroup = 5E5DCC782132D51E00F97E90 /* Products */;
			projectDirPath = "";
			projectRoot = "";
			targets = (
				5E5DCC762132D51E00F97E90 /* KELayoutKit iOS */,
				5E5DCC872132D57900F97E90 /* KELayoutKit tvOS */,
				5E5DCC942132D58800F97E90 /* KELayoutKit macOS */,
			);
		};
/* End PBXProject section */

/* Begin PBXResourcesBuildPhase section */
		5E5DCC752132D51E00F97E90 /* Resources */ = {
			isa = PBXResourcesBuildPhase;
			buildActionMask = 2147483647;
			files = (
			);
			runOnlyForDeploymentPostprocessing = 0;
		};
		5E5DCC862132D57900F97E90 /* Resources */ = {
			isa = PBXResourcesBuildPhase;
			buildActionMask = 2147483647;
			files = (
			);
			runOnlyForDeploymentPostprocessing = 0;
		};
		5E5DCC932132D58800F97E90 /* Resources */ = {
			isa = PBXResourcesBuildPhase;
			buildActionMask = 2147483647;
			files = (
			);
			runOnlyForDeploymentPostprocessing = 0;
		};
/* End PBXResourcesBuildPhase section */

/* Begin PBXSourcesBuildPhase section */
		5E5DCC722132D51E00F97E90 /* Sources */ = {
			isa = PBXSourcesBuildPhase;
			buildActionMask = 2147483647;
			files = (
				5E5DCCCE2132FA5500F97E90 /* ForceTouch.swift in Sources */,
				5E5DCCDD21330CD700F97E90 /* TraitAdaptiveConstraintContainer.swift in Sources */,
				5E5DCCEB213314A900F97E90 /* SizeAdaptiveConstraintContainer.swift in Sources */,
				5E5DCCC32132F50E00F97E90 /* SizeClass.swift in Sources */,
				5E5DCCC62132F60600F97E90 /* Idiom.swift in Sources */,
				5E5DCCD42132FAE800F97E90 /* Scale.swift in Sources */,
				5E5DCCF321331D6300F97E90 /* SizeAdaptiveElement.swift in Sources */,
				5E5DCCBB2132EF7900F97E90 /* SizeAttribute.swift in Sources */,
				5E5DCCBF2132F42D00F97E90 /* TraitAttribute.swift in Sources */,
				5E5DCCAC2132DCC900F97E90 /* AdaptiveInterface.swift in Sources */,
				5E5DCCB32132DEC900F97E90 /* TraitCondition.swift in Sources */,
				5E5DCCCB2132F9DD00F97E90 /* DisplayGamut.swift in Sources */,
				5E5DCCD72132FB6D00F97E90 /* SizeCategory.swift in Sources */,
				5E5DCCD12132FAA000F97E90 /* LayoutDirection.swift in Sources */,
				5E5DCCB72132DED200F97E90 /* SizeCondition.swift in Sources */,
				5E5DCCEF21331A6400F97E90 /* TraitAdaptiveElement.swift in Sources */,
			);
			runOnlyForDeploymentPostprocessing = 0;
		};
		5E5DCC832132D57900F97E90 /* Sources */ = {
			isa = PBXSourcesBuildPhase;
			buildActionMask = 2147483647;
			files = (
				5E5DCCCF2132FA5500F97E90 /* ForceTouch.swift in Sources */,
				5E5DCCDE21330CD700F97E90 /* TraitAdaptiveConstraintContainer.swift in Sources */,
				5E5DCCEC213314A900F97E90 /* SizeAdaptiveConstraintContainer.swift in Sources */,
				5E5DCCC42132F50E00F97E90 /* SizeClass.swift in Sources */,
				5E5DCCC72132F60600F97E90 /* Idiom.swift in Sources */,
				5E5DCCD52132FAE800F97E90 /* Scale.swift in Sources */,
				5E5DCCF421331D6300F97E90 /* SizeAdaptiveElement.swift in Sources */,
				5E5DCCBC2132EF7900F97E90 /* SizeAttribute.swift in Sources */,
				5E5DCCC02132F42D00F97E90 /* TraitAttribute.swift in Sources */,
				5E5DCCAD2132DCC900F97E90 /* AdaptiveInterface.swift in Sources */,
				5E5DCCB42132DEC900F97E90 /* TraitCondition.swift in Sources */,
				5E5DCCCC2132F9DD00F97E90 /* DisplayGamut.swift in Sources */,
				5E5DCCD82132FB6D00F97E90 /* SizeCategory.swift in Sources */,
				5E5DCCD22132FAA000F97E90 /* LayoutDirection.swift in Sources */,
				5E5DCCB82132DED200F97E90 /* SizeCondition.swift in Sources */,
				5E5DCCF021331A6400F97E90 /* TraitAdaptiveElement.swift in Sources */,
			);
			runOnlyForDeploymentPostprocessing = 0;
		};
		5E5DCC902132D58800F97E90 /* Sources */ = {
			isa = PBXSourcesBuildPhase;
			buildActionMask = 2147483647;
			files = (
				5E5DCCED213314A900F97E90 /* SizeAdaptiveConstraintContainer.swift in Sources */,
				5E5DCCAE2132DCC900F97E90 /* AdaptiveInterface.swift in Sources */,
				5E5DCCB92132DED200F97E90 /* SizeCondition.swift in Sources */,
				5E5DCCF521331D6300F97E90 /* SizeAdaptiveElement.swift in Sources */,
				5E5DCCBD2132EF7900F97E90 /* SizeAttribute.swift in Sources */,
			);
			runOnlyForDeploymentPostprocessing = 0;
		};
/* End PBXSourcesBuildPhase section */

/* Begin XCBuildConfiguration section */
		5E5DCC7D2132D51E00F97E90 /* Debug */ = {
			isa = XCBuildConfiguration;
			buildSettings = {
				ALWAYS_SEARCH_USER_PATHS = NO;
				CLANG_ANALYZER_NONNULL = YES;
				CLANG_ANALYZER_NUMBER_OBJECT_CONVERSION = YES_AGGRESSIVE;
				CLANG_CXX_LANGUAGE_STANDARD = "gnu++14";
				CLANG_CXX_LIBRARY = "libc++";
				CLANG_ENABLE_MODULES = YES;
				CLANG_ENABLE_OBJC_ARC = YES;
				CLANG_ENABLE_OBJC_WEAK = YES;
				CLANG_WARN_BLOCK_CAPTURE_AUTORELEASING = YES;
				CLANG_WARN_BOOL_CONVERSION = YES;
				CLANG_WARN_COMMA = YES;
				CLANG_WARN_CONSTANT_CONVERSION = YES;
				CLANG_WARN_DEPRECATED_OBJC_IMPLEMENTATIONS = YES;
				CLANG_WARN_DIRECT_OBJC_ISA_USAGE = YES_ERROR;
				CLANG_WARN_DOCUMENTATION_COMMENTS = YES;
				CLANG_WARN_EMPTY_BODY = YES;
				CLANG_WARN_ENUM_CONVERSION = YES;
				CLANG_WARN_INFINITE_RECURSION = YES;
				CLANG_WARN_INT_CONVERSION = YES;
				CLANG_WARN_NON_LITERAL_NULL_CONVERSION = YES;
				CLANG_WARN_OBJC_IMPLICIT_RETAIN_SELF = YES;
				CLANG_WARN_OBJC_LITERAL_CONVERSION = YES;
				CLANG_WARN_OBJC_ROOT_CLASS = YES_ERROR;
				CLANG_WARN_RANGE_LOOP_ANALYSIS = YES;
				CLANG_WARN_STRICT_PROTOTYPES = YES;
				CLANG_WARN_SUSPICIOUS_MOVE = YES;
				CLANG_WARN_UNGUARDED_AVAILABILITY = YES_AGGRESSIVE;
				CLANG_WARN_UNREACHABLE_CODE = YES;
				CLANG_WARN__DUPLICATE_METHOD_MATCH = YES;
				CODE_SIGN_IDENTITY = "iPhone Developer";
				COPY_PHASE_STRIP = NO;
				CURRENT_PROJECT_VERSION = 1;
				DEBUG_INFORMATION_FORMAT = dwarf;
				ENABLE_STRICT_OBJC_MSGSEND = YES;
				ENABLE_TESTABILITY = YES;
				GCC_C_LANGUAGE_STANDARD = gnu11;
				GCC_DYNAMIC_NO_PIC = NO;
				GCC_NO_COMMON_BLOCKS = YES;
				GCC_OPTIMIZATION_LEVEL = 0;
				GCC_PREPROCESSOR_DEFINITIONS = (
					"DEBUG=1",
					"$(inherited)",
				);
				GCC_WARN_64_TO_32_BIT_CONVERSION = YES;
				GCC_WARN_ABOUT_RETURN_TYPE = YES_ERROR;
				GCC_WARN_UNDECLARED_SELECTOR = YES;
				GCC_WARN_UNINITIALIZED_AUTOS = YES_AGGRESSIVE;
				GCC_WARN_UNUSED_FUNCTION = YES;
				GCC_WARN_UNUSED_VARIABLE = YES;
				IPHONEOS_DEPLOYMENT_TARGET = 11.4;
				MTL_ENABLE_DEBUG_INFO = YES;
				ONLY_ACTIVE_ARCH = YES;
				SDKROOT = iphoneos;
				SWIFT_ACTIVE_COMPILATION_CONDITIONS = DEBUG;
				SWIFT_OPTIMIZATION_LEVEL = "-Onone";
				VERSIONING_SYSTEM = "apple-generic";
				VERSION_INFO_PREFIX = "";
			};
			name = Debug;
		};
		5E5DCC7E2132D51E00F97E90 /* Release */ = {
			isa = XCBuildConfiguration;
			buildSettings = {
				ALWAYS_SEARCH_USER_PATHS = NO;
				CLANG_ANALYZER_NONNULL = YES;
				CLANG_ANALYZER_NUMBER_OBJECT_CONVERSION = YES_AGGRESSIVE;
				CLANG_CXX_LANGUAGE_STANDARD = "gnu++14";
				CLANG_CXX_LIBRARY = "libc++";
				CLANG_ENABLE_MODULES = YES;
				CLANG_ENABLE_OBJC_ARC = YES;
				CLANG_ENABLE_OBJC_WEAK = YES;
				CLANG_WARN_BLOCK_CAPTURE_AUTORELEASING = YES;
				CLANG_WARN_BOOL_CONVERSION = YES;
				CLANG_WARN_COMMA = YES;
				CLANG_WARN_CONSTANT_CONVERSION = YES;
				CLANG_WARN_DEPRECATED_OBJC_IMPLEMENTATIONS = YES;
				CLANG_WARN_DIRECT_OBJC_ISA_USAGE = YES_ERROR;
				CLANG_WARN_DOCUMENTATION_COMMENTS = YES;
				CLANG_WARN_EMPTY_BODY = YES;
				CLANG_WARN_ENUM_CONVERSION = YES;
				CLANG_WARN_INFINITE_RECURSION = YES;
				CLANG_WARN_INT_CONVERSION = YES;
				CLANG_WARN_NON_LITERAL_NULL_CONVERSION = YES;
				CLANG_WARN_OBJC_IMPLICIT_RETAIN_SELF = YES;
				CLANG_WARN_OBJC_LITERAL_CONVERSION = YES;
				CLANG_WARN_OBJC_ROOT_CLASS = YES_ERROR;
				CLANG_WARN_RANGE_LOOP_ANALYSIS = YES;
				CLANG_WARN_STRICT_PROTOTYPES = YES;
				CLANG_WARN_SUSPICIOUS_MOVE = YES;
				CLANG_WARN_UNGUARDED_AVAILABILITY = YES_AGGRESSIVE;
				CLANG_WARN_UNREACHABLE_CODE = YES;
				CLANG_WARN__DUPLICATE_METHOD_MATCH = YES;
				CODE_SIGN_IDENTITY = "iPhone Developer";
				COPY_PHASE_STRIP = NO;
				CURRENT_PROJECT_VERSION = 1;
				DEBUG_INFORMATION_FORMAT = "dwarf-with-dsym";
				ENABLE_NS_ASSERTIONS = NO;
				ENABLE_STRICT_OBJC_MSGSEND = YES;
				GCC_C_LANGUAGE_STANDARD = gnu11;
				GCC_NO_COMMON_BLOCKS = YES;
				GCC_WARN_64_TO_32_BIT_CONVERSION = YES;
				GCC_WARN_ABOUT_RETURN_TYPE = YES_ERROR;
				GCC_WARN_UNDECLARED_SELECTOR = YES;
				GCC_WARN_UNINITIALIZED_AUTOS = YES_AGGRESSIVE;
				GCC_WARN_UNUSED_FUNCTION = YES;
				GCC_WARN_UNUSED_VARIABLE = YES;
				IPHONEOS_DEPLOYMENT_TARGET = 11.4;
				MTL_ENABLE_DEBUG_INFO = NO;
				SDKROOT = iphoneos;
				SWIFT_COMPILATION_MODE = wholemodule;
				SWIFT_OPTIMIZATION_LEVEL = "-O";
				VALIDATE_PRODUCT = YES;
				VERSIONING_SYSTEM = "apple-generic";
				VERSION_INFO_PREFIX = "";
			};
			name = Release;
		};
		5E5DCC802132D51E00F97E90 /* Debug */ = {
			isa = XCBuildConfiguration;
			buildSettings = {
				CLANG_ENABLE_MODULES = YES;
				CODE_SIGN_IDENTITY = "";
				CODE_SIGN_STYLE = Automatic;
				DEFINES_MODULE = YES;
				DEVELOPMENT_TEAM = 2RZ5XH923S;
				DYLIB_COMPATIBILITY_VERSION = 1;
				DYLIB_CURRENT_VERSION = 1;
				DYLIB_INSTALL_NAME_BASE = "@rpath";
				INFOPLIST_FILE = "$(SRCROOT)/Resources/Info-iOS.plist";
				INSTALL_PATH = "$(LOCAL_LIBRARY_DIR)/Frameworks";
				LD_RUNPATH_SEARCH_PATHS = (
					"$(inherited)",
					"@executable_path/Frameworks",
					"@loader_path/Frameworks",
				);
				PRODUCT_BUNDLE_IDENTIFIER = "com.kaiengelhardt.KELayoutKit-iOS";
				PRODUCT_NAME = KELayoutKit;
				SKIP_INSTALL = YES;
				SWIFT_OPTIMIZATION_LEVEL = "-Onone";
				SWIFT_VERSION = 4.0;
				TARGETED_DEVICE_FAMILY = "1,2";
			};
			name = Debug;
		};
		5E5DCC812132D51E00F97E90 /* Release */ = {
			isa = XCBuildConfiguration;
			buildSettings = {
				CLANG_ENABLE_MODULES = YES;
				CODE_SIGN_IDENTITY = "";
				CODE_SIGN_STYLE = Automatic;
				DEFINES_MODULE = YES;
				DEVELOPMENT_TEAM = 2RZ5XH923S;
				DYLIB_COMPATIBILITY_VERSION = 1;
				DYLIB_CURRENT_VERSION = 1;
				DYLIB_INSTALL_NAME_BASE = "@rpath";
				INFOPLIST_FILE = "$(SRCROOT)/Resources/Info-iOS.plist";
				INSTALL_PATH = "$(LOCAL_LIBRARY_DIR)/Frameworks";
				LD_RUNPATH_SEARCH_PATHS = (
					"$(inherited)",
					"@executable_path/Frameworks",
					"@loader_path/Frameworks",
				);
				PRODUCT_BUNDLE_IDENTIFIER = "com.kaiengelhardt.KELayoutKit-iOS";
				PRODUCT_NAME = KELayoutKit;
				SKIP_INSTALL = YES;
				SWIFT_VERSION = 4.0;
				TARGETED_DEVICE_FAMILY = "1,2";
			};
			name = Release;
		};
		5E5DCC8E2132D57900F97E90 /* Debug */ = {
			isa = XCBuildConfiguration;
			buildSettings = {
				CLANG_ENABLE_MODULES = YES;
				CODE_SIGN_IDENTITY = "";
				CODE_SIGN_STYLE = Automatic;
				DEFINES_MODULE = YES;
				DEVELOPMENT_TEAM = 2RZ5XH923S;
				DYLIB_COMPATIBILITY_VERSION = 1;
				DYLIB_CURRENT_VERSION = 1;
				DYLIB_INSTALL_NAME_BASE = "@rpath";
				INFOPLIST_FILE = "$(SRCROOT)/Resources/Info-tvOS.plist";
				INSTALL_PATH = "$(LOCAL_LIBRARY_DIR)/Frameworks";
				LD_RUNPATH_SEARCH_PATHS = (
					"$(inherited)",
					"@executable_path/Frameworks",
					"@loader_path/Frameworks",
				);
				PRODUCT_BUNDLE_IDENTIFIER = "com.kaiengelhardt.KELayoutKit-tvOS";
				PRODUCT_NAME = KEFoundation;
				SDKROOT = appletvos;
				SKIP_INSTALL = YES;
				SWIFT_OPTIMIZATION_LEVEL = "-Onone";
				SWIFT_VERSION = 4.0;
				TARGETED_DEVICE_FAMILY = 3;
				TVOS_DEPLOYMENT_TARGET = 11.4;
			};
			name = Debug;
		};
		5E5DCC8F2132D57900F97E90 /* Release */ = {
			isa = XCBuildConfiguration;
			buildSettings = {
				CLANG_ENABLE_MODULES = YES;
				CODE_SIGN_IDENTITY = "";
				CODE_SIGN_STYLE = Automatic;
				DEFINES_MODULE = YES;
				DEVELOPMENT_TEAM = 2RZ5XH923S;
				DYLIB_COMPATIBILITY_VERSION = 1;
				DYLIB_CURRENT_VERSION = 1;
				DYLIB_INSTALL_NAME_BASE = "@rpath";
				INFOPLIST_FILE = "$(SRCROOT)/Resources/Info-tvOS.plist";
				INSTALL_PATH = "$(LOCAL_LIBRARY_DIR)/Frameworks";
				LD_RUNPATH_SEARCH_PATHS = (
					"$(inherited)",
					"@executable_path/Frameworks",
					"@loader_path/Frameworks",
				);
				PRODUCT_BUNDLE_IDENTIFIER = "com.kaiengelhardt.KELayoutKit-tvOS";
				PRODUCT_NAME = KEFoundation;
				SDKROOT = appletvos;
				SKIP_INSTALL = YES;
				SWIFT_VERSION = 4.0;
				TARGETED_DEVICE_FAMILY = 3;
				TVOS_DEPLOYMENT_TARGET = 11.4;
			};
			name = Release;
		};
		5E5DCC9B2132D58800F97E90 /* Debug */ = {
			isa = XCBuildConfiguration;
			buildSettings = {
				CLANG_ENABLE_MODULES = YES;
				CODE_SIGN_IDENTITY = "Mac Developer";
				CODE_SIGN_STYLE = Automatic;
				COMBINE_HIDPI_IMAGES = YES;
				DEFINES_MODULE = YES;
				DEVELOPMENT_TEAM = 2RZ5XH923S;
				DYLIB_COMPATIBILITY_VERSION = 1;
				DYLIB_CURRENT_VERSION = 1;
				DYLIB_INSTALL_NAME_BASE = "@rpath";
				FRAMEWORK_VERSION = A;
				INFOPLIST_FILE = "$(SRCROOT)/Resources/Info-macOS.plist";
				INSTALL_PATH = "$(LOCAL_LIBRARY_DIR)/Frameworks";
				LD_RUNPATH_SEARCH_PATHS = (
					"$(inherited)",
					"@executable_path/../Frameworks",
					"@loader_path/Frameworks",
				);
				MACOSX_DEPLOYMENT_TARGET = 10.13;
				PRODUCT_BUNDLE_IDENTIFIER = "com.kaiengelhardt.KELayoutKit-macOS";
				PRODUCT_NAME = KEFoundation;
				SDKROOT = macosx;
				SKIP_INSTALL = YES;
				SWIFT_OPTIMIZATION_LEVEL = "-Onone";
				SWIFT_VERSION = 4.0;
			};
			name = Debug;
		};
		5E5DCC9C2132D58800F97E90 /* Release */ = {
			isa = XCBuildConfiguration;
			buildSettings = {
				CLANG_ENABLE_MODULES = YES;
				CODE_SIGN_IDENTITY = "Mac Developer";
				CODE_SIGN_STYLE = Automatic;
				COMBINE_HIDPI_IMAGES = YES;
				DEFINES_MODULE = YES;
				DEVELOPMENT_TEAM = 2RZ5XH923S;
				DYLIB_COMPATIBILITY_VERSION = 1;
				DYLIB_CURRENT_VERSION = 1;
				DYLIB_INSTALL_NAME_BASE = "@rpath";
				FRAMEWORK_VERSION = A;
				INFOPLIST_FILE = "$(SRCROOT)/Resources/Info-macOS.plist";
				INSTALL_PATH = "$(LOCAL_LIBRARY_DIR)/Frameworks";
				LD_RUNPATH_SEARCH_PATHS = (
					"$(inherited)",
					"@executable_path/../Frameworks",
					"@loader_path/Frameworks",
				);
				MACOSX_DEPLOYMENT_TARGET = 10.13;
				PRODUCT_BUNDLE_IDENTIFIER = "com.kaiengelhardt.KELayoutKit-macOS";
				PRODUCT_NAME = KEFoundation;
				SDKROOT = macosx;
				SKIP_INSTALL = YES;
				SWIFT_VERSION = 4.0;
			};
			name = Release;
		};
/* End XCBuildConfiguration section */

/* Begin XCConfigurationList section */
		5E5DCC712132D51E00F97E90 /* Build configuration list for PBXProject "KELayoutKit" */ = {
			isa = XCConfigurationList;
			buildConfigurations = (
				5E5DCC7D2132D51E00F97E90 /* Debug */,
				5E5DCC7E2132D51E00F97E90 /* Release */,
			);
			defaultConfigurationIsVisible = 0;
			defaultConfigurationName = Release;
		};
		5E5DCC7F2132D51E00F97E90 /* Build configuration list for PBXNativeTarget "KELayoutKit iOS" */ = {
			isa = XCConfigurationList;
			buildConfigurations = (
				5E5DCC802132D51E00F97E90 /* Debug */,
				5E5DCC812132D51E00F97E90 /* Release */,
			);
			defaultConfigurationIsVisible = 0;
			defaultConfigurationName = Release;
		};
		5E5DCC8D2132D57900F97E90 /* Build configuration list for PBXNativeTarget "KELayoutKit tvOS" */ = {
			isa = XCConfigurationList;
			buildConfigurations = (
				5E5DCC8E2132D57900F97E90 /* Debug */,
				5E5DCC8F2132D57900F97E90 /* Release */,
			);
			defaultConfigurationIsVisible = 0;
			defaultConfigurationName = Release;
		};
		5E5DCC9A2132D58800F97E90 /* Build configuration list for PBXNativeTarget "KELayoutKit macOS" */ = {
			isa = XCConfigurationList;
			buildConfigurations = (
				5E5DCC9B2132D58800F97E90 /* Debug */,
				5E5DCC9C2132D58800F97E90 /* Release */,
			);
			defaultConfigurationIsVisible = 0;
			defaultConfigurationName = Release;
		};
/* End XCConfigurationList section */
	};
	rootObject = 5E5DCC6E2132D51E00F97E90 /* Project object */;
}
